// !$*UTF8*$!
{
	archiveVersion = 1;
	classes = {
	};
	objectVersion = 55;
	objects = {

/* Begin PBXBuildFile section */
		658ACAC228B7B4C0001F410D /* AppDelegate.swift in Sources */ = {isa = PBXBuildFile; fileRef = 658ACAC128B7B4C0001F410D /* AppDelegate.swift */; };
		658ACAC428B7B4C0001F410D /* SceneDelegate.swift in Sources */ = {isa = PBXBuildFile; fileRef = 658ACAC328B7B4C0001F410D /* SceneDelegate.swift */; };
		658ACAC628B7B4C0001F410D /* ViewController.swift in Sources */ = {isa = PBXBuildFile; fileRef = 658ACAC528B7B4C0001F410D /* ViewController.swift */; };
		658ACAC928B7B4C0001F410D /* Main.storyboard in Resources */ = {isa = PBXBuildFile; fileRef = 658ACAC728B7B4C0001F410D /* Main.storyboard */; };
		658ACACB28B7B4C4001F410D /* Assets.xcassets in Resources */ = {isa = PBXBuildFile; fileRef = 658ACACA28B7B4C4001F410D /* Assets.xcassets */; };
		658ACACE28B7B4C4001F410D /* LaunchScreen.storyboard in Resources */ = {isa = PBXBuildFile; fileRef = 658ACACC28B7B4C4001F410D /* LaunchScreen.storyboard */; };
		658ACAD928B7B4C4001F410D /* HelloAppTests.swift in Sources */ = {isa = PBXBuildFile; fileRef = 658ACAD828B7B4C4001F410D /* HelloAppTests.swift */; };
		658ACAE328B7B4C4001F410D /* HelloAppUITests.swift in Sources */ = {isa = PBXBuildFile; fileRef = 658ACAE228B7B4C4001F410D /* HelloAppUITests.swift */; };
		658ACAE528B7B4C4001F410D /* HelloAppUITestsLaunchTests.swift in Sources */ = {isa = PBXBuildFile; fileRef = 658ACAE428B7B4C4001F410D /* HelloAppUITestsLaunchTests.swift */; };
/* End PBXBuildFile section */

/* Begin PBXContainerItemProxy section */
		658ACAD528B7B4C4001F410D /* PBXContainerItemProxy */ = {
			isa = PBXContainerItemProxy;
			containerPortal = 658ACAB628B7B4C0001F410D /* Project object */;
			proxyType = 1;
			remoteGlobalIDString = 658ACABD28B7B4C0001F410D;
			remoteInfo = HelloApp;
		};
		658ACADF28B7B4C4001F410D /* PBXContainerItemProxy */ = {
			isa = PBXContainerItemProxy;
			containerPortal = 658ACAB628B7B4C0001F410D /* Project object */;
			proxyType = 1;
			remoteGlobalIDString = 658ACABD28B7B4C0001F410D;
			remoteInfo = HelloApp;
		};
/* End PBXContainerItemProxy section */

/* Begin PBXFileReference section */
		658ACABE28B7B4C0001F410D /* HelloApp.app */ = {isa = PBXFileReference; explicitFileType = wrapper.application; includeInIndex = 0; path = HelloApp.app; sourceTree = BUILT_PRODUCTS_DIR; };
		658ACAC128B7B4C0001F410D /* AppDelegate.swift */ = {isa = PBXFileReference; lastKnownFileType = sourcecode.swift; path = AppDelegate.swift; sourceTree = "<group>"; };
		658ACAC328B7B4C0001F410D /* SceneDelegate.swift */ = {isa = PBXFileReference; lastKnownFileType = sourcecode.swift; path = SceneDelegate.swift; sourceTree = "<group>"; };
		658ACAC528B7B4C0001F410D /* ViewController.swift */ = {isa = PBXFileReference; lastKnownFileType = sourcecode.swift; path = ViewController.swift; sourceTree = "<group>"; };
		658ACAC828B7B4C0001F410D /* Base */ = {isa = PBXFileReference; lastKnownFileType = file.storyboard; name = Base; path = Base.lproj/Main.storyboard; sourceTree = "<group>"; };
		658ACACA28B7B4C4001F410D /* Assets.xcassets */ = {isa = PBXFileReference; lastKnownFileType = folder.assetcatalog; path = Assets.xcassets; sourceTree = "<group>"; };
		658ACACD28B7B4C4001F410D /* Base */ = {isa = PBXFileReference; lastKnownFileType = file.storyboard; name = Base; path = Base.lproj/LaunchScreen.storyboard; sourceTree = "<group>"; };
		658ACACF28B7B4C4001F410D /* Info.plist */ = {isa = PBXFileReference; lastKnownFileType = text.plist.xml; path = Info.plist; sourceTree = "<group>"; };
		658ACAD428B7B4C4001F410D /* HelloAppTests.xctest */ = {isa = PBXFileReference; explicitFileType = wrapper.cfbundle; includeInIndex = 0; path = HelloAppTests.xctest; sourceTree = BUILT_PRODUCTS_DIR; };
		658ACAD828B7B4C4001F410D /* HelloAppTests.swift */ = {isa = PBXFileReference; lastKnownFileType = sourcecode.swift; path = HelloAppTests.swift; sourceTree = "<group>"; };
		658ACADE28B7B4C4001F410D /* HelloAppUITests.xctest */ = {isa = PBXFileReference; explicitFileType = wrapper.cfbundle; includeInIndex = 0; path = HelloAppUITests.xctest; sourceTree = BUILT_PRODUCTS_DIR; };
		658ACAE228B7B4C4001F410D /* HelloAppUITests.swift */ = {isa = PBXFileReference; lastKnownFileType = sourcecode.swift; path = HelloAppUITests.swift; sourceTree = "<group>"; };
		658ACAE428B7B4C4001F410D /* HelloAppUITestsLaunchTests.swift */ = {isa = PBXFileReference; lastKnownFileType = sourcecode.swift; path = HelloAppUITestsLaunchTests.swift; sourceTree = "<group>"; };
/* End PBXFileReference section */

/* Begin PBXFrameworksBuildPhase section */
		658ACABB28B7B4C0001F410D /* Frameworks */ = {
			isa = PBXFrameworksBuildPhase;
			buildActionMask = 2147483647;
			files = (
			);
			runOnlyForDeploymentPostprocessing = 0;
		};
		658ACAD128B7B4C4001F410D /* Frameworks */ = {
			isa = PBXFrameworksBuildPhase;
			buildActionMask = 2147483647;
			files = (
			);
			runOnlyForDeploymentPostprocessing = 0;
		};
		658ACADB28B7B4C4001F410D /* Frameworks */ = {
			isa = PBXFrameworksBuildPhase;
			buildActionMask = 2147483647;
			files = (
			);
			runOnlyForDeploymentPostprocessing = 0;
		};
/* End PBXFrameworksBuildPhase section */

/* Begin PBXGroup section */
		658ACAB528B7B4C0001F410D = {
			isa = PBXGroup;
			children = (
				658ACAC028B7B4C0001F410D /* HelloApp */,
				658ACAD728B7B4C4001F410D /* HelloAppTests */,
				658ACAE128B7B4C4001F410D /* HelloAppUITests */,
				658ACABF28B7B4C0001F410D /* Products */,
			);
			sourceTree = "<group>";
		};
		658ACABF28B7B4C0001F410D /* Products */ = {
			isa = PBXGroup;
			children = (
				658ACABE28B7B4C0001F410D /* HelloApp.app */,
				658ACAD428B7B4C4001F410D /* HelloAppTests.xctest */,
				658ACADE28B7B4C4001F410D /* HelloAppUITests.xctest */,
			);
			name = Products;
			sourceTree = "<group>";
		};
		658ACAC028B7B4C0001F410D /* HelloApp */ = {
			isa = PBXGroup;
			children = (
				658ACAC128B7B4C0001F410D /* AppDelegate.swift */,
				658ACAC328B7B4C0001F410D /* SceneDelegate.swift */,
				658ACAC528B7B4C0001F410D /* ViewController.swift */,
				658ACAC728B7B4C0001F410D /* Main.storyboard */,
				658ACACA28B7B4C4001F410D /* Assets.xcassets */,
				658ACACC28B7B4C4001F410D /* LaunchScreen.storyboard */,
				658ACACF28B7B4C4001F410D /* Info.plist */,
			);
			path = HelloApp;
			sourceTree = "<group>";
		};
		658ACAD728B7B4C4001F410D /* HelloAppTests */ = {
			isa = PBXGroup;
			children = (
				658ACAD828B7B4C4001F410D /* HelloAppTests.swift */,
			);
			path = HelloAppTests;
			sourceTree = "<group>";
		};
		658ACAE128B7B4C4001F410D /* HelloAppUITests */ = {
			isa = PBXGroup;
			children = (
				658ACAE228B7B4C4001F410D /* HelloAppUITests.swift */,
				658ACAE428B7B4C4001F410D /* HelloAppUITestsLaunchTests.swift */,
			);
			path = HelloAppUITests;
			sourceTree = "<group>";
		};
/* End PBXGroup section */

/* Begin PBXNativeTarget section */
		658ACABD28B7B4C0001F410D /* HelloApp */ = {
			isa = PBXNativeTarget;
			buildConfigurationList = 658ACAE828B7B4C4001F410D /* Build configuration list for PBXNativeTarget "HelloApp" */;
			buildPhases = (
				658ACABA28B7B4C0001F410D /* Sources */,
				658ACABB28B7B4C0001F410D /* Frameworks */,
				658ACABC28B7B4C0001F410D /* Resources */,
			);
			buildRules = (
			);
			dependencies = (
			);
			name = HelloApp;
			productName = HelloApp;
			productReference = 658ACABE28B7B4C0001F410D /* HelloApp.app */;
			productType = "com.apple.product-type.application";
		};
		658ACAD328B7B4C4001F410D /* HelloAppTests */ = {
			isa = PBXNativeTarget;
			buildConfigurationList = 658ACAEB28B7B4C4001F410D /* Build configuration list for PBXNativeTarget "HelloAppTests" */;
			buildPhases = (
				658ACAD028B7B4C4001F410D /* Sources */,
				658ACAD128B7B4C4001F410D /* Frameworks */,
				658ACAD228B7B4C4001F410D /* Resources */,
			);
			buildRules = (
			);
			dependencies = (
				658ACAD628B7B4C4001F410D /* PBXTargetDependency */,
			);
			name = HelloAppTests;
			productName = HelloAppTests;
			productReference = 658ACAD428B7B4C4001F410D /* HelloAppTests.xctest */;
			productType = "com.apple.product-type.bundle.unit-test";
		};
		658ACADD28B7B4C4001F410D /* HelloAppUITests */ = {
			isa = PBXNativeTarget;
			buildConfigurationList = 658ACAEE28B7B4C4001F410D /* Build configuration list for PBXNativeTarget "HelloAppUITests" */;
			buildPhases = (
				658ACADA28B7B4C4001F410D /* Sources */,
				658ACADB28B7B4C4001F410D /* Frameworks */,
				658ACADC28B7B4C4001F410D /* Resources */,
			);
			buildRules = (
			);
			dependencies = (
				658ACAE028B7B4C4001F410D /* PBXTargetDependency */,
			);
			name = HelloAppUITests;
			productName = HelloAppUITests;
			productReference = 658ACADE28B7B4C4001F410D /* HelloAppUITests.xctest */;
			productType = "com.apple.product-type.bundle.ui-testing";
		};
/* End PBXNativeTarget section */

/* Begin PBXProject section */
		658ACAB628B7B4C0001F410D /* Project object */ = {
			isa = PBXProject;
			attributes = {
				BuildIndependentTargetsInParallel = 1;
				LastSwiftUpdateCheck = 1340;
				LastUpgradeCheck = 1340;
				TargetAttributes = {
					658ACABD28B7B4C0001F410D = {
						CreatedOnToolsVersion = 13.4.1;
					};
					658ACAD328B7B4C4001F410D = {
						CreatedOnToolsVersion = 13.4.1;
						TestTargetID = 658ACABD28B7B4C0001F410D;
					};
					658ACADD28B7B4C4001F410D = {
						CreatedOnToolsVersion = 13.4.1;
						TestTargetID = 658ACABD28B7B4C0001F410D;
					};
				};
			};
			buildConfigurationList = 658ACAB928B7B4C0001F410D /* Build configuration list for PBXProject "HelloApp" */;
			compatibilityVersion = "Xcode 13.0";
			developmentRegion = en;
			hasScannedForEncodings = 0;
			knownRegions = (
				en,
				Base,
			);
			mainGroup = 658ACAB528B7B4C0001F410D;
			productRefGroup = 658ACABF28B7B4C0001F410D /* Products */;
			projectDirPath = "";
			projectRoot = "";
			targets = (
				658ACABD28B7B4C0001F410D /* HelloApp */,
				658ACAD328B7B4C4001F410D /* HelloAppTests */,
				658ACADD28B7B4C4001F410D /* HelloAppUITests */,
			);
		};
/* End PBXProject section */

/* Begin PBXResourcesBuildPhase section */
		658ACABC28B7B4C0001F410D /* Resources */ = {
			isa = PBXResourcesBuildPhase;
			buildActionMask = 2147483647;
			files = (
				658ACACE28B7B4C4001F410D /* LaunchScreen.storyboard in Resources */,
				658ACACB28B7B4C4001F410D /* Assets.xcassets in Resources */,
				658ACAC928B7B4C0001F410D /* Main.storyboard in Resources */,
			);
			runOnlyForDeploymentPostprocessing = 0;
		};
		658ACAD228B7B4C4001F410D /* Resources */ = {
			isa = PBXResourcesBuildPhase;
			buildActionMask = 2147483647;
			files = (
			);
			runOnlyForDeploymentPostprocessing = 0;
		};
		658ACADC28B7B4C4001F410D /* Resources */ = {
			isa = PBXResourcesBuildPhase;
			buildActionMask = 2147483647;
			files = (
			);
			runOnlyForDeploymentPostprocessing = 0;
		};
/* End PBXResourcesBuildPhase section */

/* Begin PBXSourcesBuildPhase section */
		658ACABA28B7B4C0001F410D /* Sources */ = {
			isa = PBXSourcesBuildPhase;
			buildActionMask = 2147483647;
			files = (
				658ACAC628B7B4C0001F410D /* ViewController.swift in Sources */,
				658ACAC228B7B4C0001F410D /* AppDelegate.swift in Sources */,
				658ACAC428B7B4C0001F410D /* SceneDelegate.swift in Sources */,
			);
			runOnlyForDeploymentPostprocessing = 0;
		};
		658ACAD028B7B4C4001F410D /* Sources */ = {
			isa = PBXSourcesBuildPhase;
			buildActionMask = 2147483647;
			files = (
				658ACAD928B7B4C4001F410D /* HelloAppTests.swift in Sources */,
			);
			runOnlyForDeploymentPostprocessing = 0;
		};
		658ACADA28B7B4C4001F410D /* Sources */ = {
			isa = PBXSourcesBuildPhase;
			buildActionMask = 2147483647;
			files = (
				658ACAE528B7B4C4001F410D /* HelloAppUITestsLaunchTests.swift in Sources */,
				658ACAE328B7B4C4001F410D /* HelloAppUITests.swift in Sources */,
			);
			runOnlyForDeploymentPostprocessing = 0;
		};
/* End PBXSourcesBuildPhase section */

/* Begin PBXTargetDependency section */
		658ACAD628B7B4C4001F410D /* PBXTargetDependency */ = {
			isa = PBXTargetDependency;
			target = 658ACABD28B7B4C0001F410D /* HelloApp */;
			targetProxy = 658ACAD528B7B4C4001F410D /* PBXContainerItemProxy */;
		};
		658ACAE028B7B4C4001F410D /* PBXTargetDependency */ = {
			isa = PBXTargetDependency;
			target = 658ACABD28B7B4C0001F410D /* HelloApp */;
			targetProxy = 658ACADF28B7B4C4001F410D /* PBXContainerItemProxy */;
		};
/* End PBXTargetDependency section */

/* Begin PBXVariantGroup section */
		658ACAC728B7B4C0001F410D /* Main.storyboard */ = {
			isa = PBXVariantGroup;
			children = (
				658ACAC828B7B4C0001F410D /* Base */,
			);
			name = Main.storyboard;
			sourceTree = "<group>";
		};
		658ACACC28B7B4C4001F410D /* LaunchScreen.storyboard */ = {
			isa = PBXVariantGroup;
			children = (
				658ACACD28B7B4C4001F410D /* Base */,
			);
			name = LaunchScreen.storyboard;
			sourceTree = "<group>";
		};
/* End PBXVariantGroup section */

/* Begin XCBuildConfiguration section */
		658ACAE628B7B4C4001F410D /* Debug */ = {
			isa = XCBuildConfiguration;
			buildSettings = {
				ALWAYS_SEARCH_USER_PATHS = NO;
				CLANG_ANALYZER_NONNULL = YES;
				CLANG_ANALYZER_NUMBER_OBJECT_CONVERSION = YES_AGGRESSIVE;
				CLANG_CXX_LANGUAGE_STANDARD = "gnu++17";
				CLANG_ENABLE_MODULES = YES;
				CLANG_ENABLE_OBJC_ARC = YES;
				CLANG_ENABLE_OBJC_WEAK = YES;
				CLANG_WARN_BLOCK_CAPTURE_AUTORELEASING = YES;
				CLANG_WARN_BOOL_CONVERSION = YES;
				CLANG_WARN_COMMA = YES;
				CLANG_WARN_CONSTANT_CONVERSION = YES;
				CLANG_WARN_DEPRECATED_OBJC_IMPLEMENTATIONS = YES;
				CLANG_WARN_DIRECT_OBJC_ISA_USAGE = YES_ERROR;
				CLANG_WARN_DOCUMENTATION_COMMENTS = YES;
				CLANG_WARN_EMPTY_BODY = YES;
				CLANG_WARN_ENUM_CONVERSION = YES;
				CLANG_WARN_INFINITE_RECURSION = YES;
				CLANG_WARN_INT_CONVERSION = YES;
				CLANG_WARN_NON_LITERAL_NULL_CONVERSION = YES;
				CLANG_WARN_OBJC_IMPLICIT_RETAIN_SELF = YES;
				CLANG_WARN_OBJC_LITERAL_CONVERSION = YES;
				CLANG_WARN_OBJC_ROOT_CLASS = YES_ERROR;
				CLANG_WARN_QUOTED_INCLUDE_IN_FRAMEWORK_HEADER = YES;
				CLANG_WARN_RANGE_LOOP_ANALYSIS = YES;
				CLANG_WARN_STRICT_PROTOTYPES = YES;
				CLANG_WARN_SUSPICIOUS_MOVE = YES;
				CLANG_WARN_UNGUARDED_AVAILABILITY = YES_AGGRESSIVE;
				CLANG_WARN_UNREACHABLE_CODE = YES;
				CLANG_WARN__DUPLICATE_METHOD_MATCH = YES;
				COPY_PHASE_STRIP = NO;
				DEBUG_INFORMATION_FORMAT = dwarf;
				ENABLE_STRICT_OBJC_MSGSEND = YES;
				ENABLE_TESTABILITY = YES;
				GCC_C_LANGUAGE_STANDARD = gnu11;
				GCC_DYNAMIC_NO_PIC = NO;
				GCC_NO_COMMON_BLOCKS = YES;
				GCC_OPTIMIZATION_LEVEL = 0;
				GCC_PREPROCESSOR_DEFINITIONS = (
					"DEBUG=1",
					"$(inherited)",
				);
				GCC_WARN_64_TO_32_BIT_CONVERSION = YES;
				GCC_WARN_ABOUT_RETURN_TYPE = YES_ERROR;
				GCC_WARN_UNDECLARED_SELECTOR = YES;
				GCC_WARN_UNINITIALIZED_AUTOS = YES_AGGRESSIVE;
				GCC_WARN_UNUSED_FUNCTION = YES;
				GCC_WARN_UNUSED_VARIABLE = YES;
				IPHONEOS_DEPLOYMENT_TARGET = 15.5;
				MTL_ENABLE_DEBUG_INFO = INCLUDE_SOURCE;
				MTL_FAST_MATH = YES;
				ONLY_ACTIVE_ARCH = YES;
				SDKROOT = iphoneos;
				SWIFT_ACTIVE_COMPILATION_CONDITIONS = DEBUG;
				SWIFT_OPTIMIZATION_LEVEL = "-Onone";
			};
			name = Debug;
		};
		658ACAE728B7B4C4001F410D /* Release */ = {
			isa = XCBuildConfiguration;
			buildSettings = {
				ALWAYS_SEARCH_USER_PATHS = NO;
				CLANG_ANALYZER_NONNULL = YES;
				CLANG_ANALYZER_NUMBER_OBJECT_CONVERSION = YES_AGGRESSIVE;
				CLANG_CXX_LANGUAGE_STANDARD = "gnu++17";
				CLANG_ENABLE_MODULES = YES;
				CLANG_ENABLE_OBJC_ARC = YES;
				CLANG_ENABLE_OBJC_WEAK = YES;
				CLANG_WARN_BLOCK_CAPTURE_AUTORELEASING = YES;
				CLANG_WARN_BOOL_CONVERSION = YES;
				CLANG_WARN_COMMA = YES;
				CLANG_WARN_CONSTANT_CONVERSION = YES;
				CLANG_WARN_DEPRECATED_OBJC_IMPLEMENTATIONS = YES;
				CLANG_WARN_DIRECT_OBJC_ISA_USAGE = YES_ERROR;
				CLANG_WARN_DOCUMENTATION_COMMENTS = YES;
				CLANG_WARN_EMPTY_BODY = YES;
				CLANG_WARN_ENUM_CONVERSION = YES;
				CLANG_WARN_INFINITE_RECURSION = YES;
				CLANG_WARN_INT_CONVERSION = YES;
				CLANG_WARN_NON_LITERAL_NULL_CONVERSION = YES;
				CLANG_WARN_OBJC_IMPLICIT_RETAIN_SELF = YES;
				CLANG_WARN_OBJC_LITERAL_CONVERSION = YES;
				CLANG_WARN_OBJC_ROOT_CLASS = YES_ERROR;
				CLANG_WARN_QUOTED_INCLUDE_IN_FRAMEWORK_HEADER = YES;
				CLANG_WARN_RANGE_LOOP_ANALYSIS = YES;
				CLANG_WARN_STRICT_PROTOTYPES = YES;
				CLANG_WARN_SUSPICIOUS_MOVE = YES;
				CLANG_WARN_UNGUARDED_AVAILABILITY = YES_AGGRESSIVE;
				CLANG_WARN_UNREACHABLE_CODE = YES;
				CLANG_WARN__DUPLICATE_METHOD_MATCH = YES;
				COPY_PHASE_STRIP = NO;
				DEBUG_INFORMATION_FORMAT = "dwarf-with-dsym";
				ENABLE_NS_ASSERTIONS = NO;
				ENABLE_STRICT_OBJC_MSGSEND = YES;
				GCC_C_LANGUAGE_STANDARD = gnu11;
				GCC_NO_COMMON_BLOCKS = YES;
				GCC_WARN_64_TO_32_BIT_CONVERSION = YES;
				GCC_WARN_ABOUT_RETURN_TYPE = YES_ERROR;
				GCC_WARN_UNDECLARED_SELECTOR = YES;
				GCC_WARN_UNINITIALIZED_AUTOS = YES_AGGRESSIVE;
				GCC_WARN_UNUSED_FUNCTION = YES;
				GCC_WARN_UNUSED_VARIABLE = YES;
				IPHONEOS_DEPLOYMENT_TARGET = 15.5;
				MTL_ENABLE_DEBUG_INFO = NO;
				MTL_FAST_MATH = YES;
				SDKROOT = iphoneos;
				SWIFT_COMPILATION_MODE = wholemodule;
				SWIFT_OPTIMIZATION_LEVEL = "-O";
				VALIDATE_PRODUCT = YES;
			};
			name = Release;
		};
		658ACAE928B7B4C4001F410D /* Debug */ = {
			isa = XCBuildConfiguration;
			buildSettings = {
				ASSETCATALOG_COMPILER_APPICON_NAME = AppIcon;
				ASSETCATALOG_COMPILER_GLOBAL_ACCENT_COLOR_NAME = AccentColor;
				CODE_SIGN_STYLE = Automatic;
				CURRENT_PROJECT_VERSION = 1;
				GENERATE_INFOPLIST_FILE = YES;
				INFOPLIST_FILE = HelloApp/Info.plist;
				INFOPLIST_KEY_CFBundleDisplayName = HelloApp;
				INFOPLIST_KEY_UIApplicationSupportsIndirectInputEvents = YES;
				INFOPLIST_KEY_UILaunchStoryboardName = LaunchScreen;
				INFOPLIST_KEY_UIMainStoryboardFile = Main;
				INFOPLIST_KEY_UISupportedInterfaceOrientations_iPad = "UIInterfaceOrientationPortrait UIInterfaceOrientationPortraitUpsideDown UIInterfaceOrientationLandscapeLeft UIInterfaceOrientationLandscapeRight";
				INFOPLIST_KEY_UISupportedInterfaceOrientations_iPhone = "UIInterfaceOrientationPortrait UIInterfaceOrientationLandscapeLeft UIInterfaceOrientationLandscapeRight";
				LD_RUNPATH_SEARCH_PATHS = (
					"$(inherited)",
					"@executable_path/Frameworks",
				);
				MARKETING_VERSION = 1.0;
				PRODUCT_BUNDLE_IDENTIFIER = nwmissouri.edu.HelloApp;
				PRODUCT_NAME = "$(TARGET_NAME)";
				SWIFT_EMIT_LOC_STRINGS = YES;
				SWIFT_VERSION = 5.0;
				TARGETED_DEVICE_FAMILY = "1,2";
			};
			name = Debug;
		};
		658ACAEA28B7B4C4001F410D /* Release */ = {
			isa = XCBuildConfiguration;
			buildSettings = {
				ASSETCATALOG_COMPILER_APPICON_NAME = AppIcon;
				ASSETCATALOG_COMPILER_GLOBAL_ACCENT_COLOR_NAME = AccentColor;
				CODE_SIGN_STYLE = Automatic;
				CURRENT_PROJECT_VERSION = 1;
				GENERATE_INFOPLIST_FILE = YES;
				INFOPLIST_FILE = HelloApp/Info.plist;
				INFOPLIST_KEY_CFBundleDisplayName = HelloApp;
				INFOPLIST_KEY_UIApplicationSupportsIndirectInputEvents = YES;
				INFOPLIST_KEY_UILaunchStoryboardName = LaunchScreen;
				INFOPLIST_KEY_UIMainStoryboardFile = Main;
				INFOPLIST_KEY_UISupportedInterfaceOrientations_iPad = "UIInterfaceOrientationPortrait UIInterfaceOrientationPortraitUpsideDown UIInterfaceOrientationLandscapeLeft UIInterfaceOrientationLandscapeRight";
				INFOPLIST_KEY_UISupportedInterfaceOrientations_iPhone = "UIInterfaceOrientationPortrait UIInterfaceOrientationLandscapeLeft UIInterfaceOrientationLandscapeRight";
				LD_RUNPATH_SEARCH_PATHS = (
					"$(inherited)",
					"@executable_path/Frameworks",
				);
				MARKETING_VERSION = 1.0;
				PRODUCT_BUNDLE_IDENTIFIER = nwmissouri.edu.HelloApp;
				PRODUCT_NAME = "$(TARGET_NAME)";
				SWIFT_EMIT_LOC_STRINGS = YES;
				SWIFT_VERSION = 5.0;
				TARGETED_DEVICE_FAMILY = "1,2";
			};
			name = Release;
		};
		658ACAEC28B7B4C4001F410D /* Debug */ = {
			isa = XCBuildConfiguration;
			buildSettings = {
				ALWAYS_EMBED_SWIFT_STANDARD_LIBRARIES = YES;
				BUNDLE_LOADER = "$(TEST_HOST)";
				CODE_SIGN_STYLE = Automatic;
				CURRENT_PROJECT_VERSION = 1;
				GENERATE_INFOPLIST_FILE = YES;
				IPHONEOS_DEPLOYMENT_TARGET = 15.5;
				MARKETING_VERSION = 1.0;
				PRODUCT_BUNDLE_IDENTIFIER = nwmissouri.edu.HelloAppTests;
				PRODUCT_NAME = "$(TARGET_NAME)";
				SWIFT_EMIT_LOC_STRINGS = NO;
				SWIFT_VERSION = 5.0;
				TARGETED_DEVICE_FAMILY = "1,2";
				TEST_HOST = "$(BUILT_PRODUCTS_DIR)/HelloApp.app/HelloApp";
			};
			name = Debug;
		};
		658ACAED28B7B4C4001F410D /* Release */ = {
			isa = XCBuildConfiguration;
			buildSettings = {
				ALWAYS_EMBED_SWIFT_STANDARD_LIBRARIES = YES;
				BUNDLE_LOADER = "$(TEST_HOST)";
				CODE_SIGN_STYLE = Automatic;
				CURRENT_PROJECT_VERSION = 1;
				GENERATE_INFOPLIST_FILE = YES;
				IPHONEOS_DEPLOYMENT_TARGET = 15.5;
				MARKETING_VERSION = 1.0;
				PRODUCT_BUNDLE_IDENTIFIER = nwmissouri.edu.HelloAppTests;
				PRODUCT_NAME = "$(TARGET_NAME)";
				SWIFT_EMIT_LOC_STRINGS = NO;
				SWIFT_VERSION = 5.0;
				TARGETED_DEVICE_FAMILY = "1,2";
				TEST_HOST = "$(BUILT_PRODUCTS_DIR)/HelloApp.app/HelloApp";
			};
			name = Release;
		};
		658ACAEF28B7B4C4001F410D /* Debug */ = {
			isa = XCBuildConfiguration;
			buildSettings = {
				ALWAYS_EMBED_SWIFT_STANDARD_LIBRARIES = YES;
				CODE_SIGN_STYLE = Automatic;
				CURRENT_PROJECT_VERSION = 1;
				GENERATE_INFOPLIST_FILE = YES;
				MARKETING_VERSION = 1.0;
				PRODUCT_BUNDLE_IDENTIFIER = nwmissouri.edu.HelloAppUITests;
				PRODUCT_NAME = "$(TARGET_NAME)";
				SWIFT_EMIT_LOC_STRINGS = NO;
				SWIFT_VERSION = 5.0;
				TARGETED_DEVICE_FAMILY = "1,2";
				TEST_TARGET_NAME = HelloApp;
			};
			name = Debug;
		};
		658ACAF028B7B4C4001F410D /* Release */ = {
			isa = XCBuildConfiguration;
			buildSettings = {
				ALWAYS_EMBED_SWIFT_STANDARD_LIBRARIES = YES;
				CODE_SIGN_STYLE = Automatic;
				CURRENT_PROJECT_VERSION = 1;
				GENERATE_INFOPLIST_FILE = YES;
				MARKETING_VERSION = 1.0;
				PRODUCT_BUNDLE_IDENTIFIER = nwmissouri.edu.HelloAppUITests;
				PRODUCT_NAME = "$(TARGET_NAME)";
				SWIFT_EMIT_LOC_STRINGS = NO;
				SWIFT_VERSION = 5.0;
				TARGETED_DEVICE_FAMILY = "1,2";
				TEST_TARGET_NAME = HelloApp;
			};
			name = Release;
		};
/* End XCBuildConfiguration section */

/* Begin XCConfigurationList section */
		658ACAB928B7B4C0001F410D /* Build configuration list for PBXProject "HelloApp" */ = {
			isa = XCConfigurationList;
			buildConfigurations = (
				658ACAE628B7B4C4001F410D /* Debug */,
				658ACAE728B7B4C4001F410D /* Release */,
			);
			defaultConfigurationIsVisible = 0;
			defaultConfigurationName = Release;
		};
		658ACAE828B7B4C4001F410D /* Build configuration list for PBXNativeTarget "HelloApp" */ = {
			isa = XCConfigurationList;
			buildConfigurations = (
				658ACAE928B7B4C4001F410D /* Debug */,
				658ACAEA28B7B4C4001F410D /* Release */,
			);
			defaultConfigurationIsVisible = 0;
			defaultConfigurationName = Release;
		};
		658ACAEB28B7B4C4001F410D /* Build configuration list for PBXNativeTarget "HelloAppTests" */ = {
			isa = XCConfigurationList;
			buildConfigurations = (
				658ACAEC28B7B4C4001F410D /* Debug */,
				658ACAED28B7B4C4001F410D /* Release */,
			);
			defaultConfigurationIsVisible = 0;
			defaultConfigurationName = Release;
		};
		658ACAEE28B7B4C4001F410D /* Build configuration list for PBXNativeTarget "HelloAppUITests" */ = {
			isa = XCConfigurationList;
			buildConfigurations = (
				658ACAEF28B7B4C4001F410D /* Debug */,
				658ACAF028B7B4C4001F410D /* Release */,
			);
			defaultConfigurationIsVisible = 0;
			defaultConfigurationName = Release;
		};
/* End XCConfigurationList section */
	};
	rootObject = 658ACAB628B7B4C0001F410D /* Project object */;
}
