// !$*UTF8*$!
{
	archiveVersion = 1;
	classes = {
	};
	objectVersion = 55;
	objects = {

/* Begin PBXBuildFile section */
		6504CA9C28CA2A5D00ECD848 /* AppDelegate.swift in Sources */ = {isa = PBXBuildFile; fileRef = 6504CA9B28CA2A5D00ECD848 /* AppDelegate.swift */; };
		6504CA9E28CA2A5D00ECD848 /* SceneDelegate.swift in Sources */ = {isa = PBXBuildFile; fileRef = 6504CA9D28CA2A5D00ECD848 /* SceneDelegate.swift */; };
		6504CAA028CA2A5D00ECD848 /* ViewController.swift in Sources */ = {isa = PBXBuildFile; fileRef = 6504CA9F28CA2A5D00ECD848 /* ViewController.swift */; };
		6504CAA328CA2A5D00ECD848 /* Main.storyboard in Resources */ = {isa = PBXBuildFile; fileRef = 6504CAA128CA2A5D00ECD848 /* Main.storyboard */; };
		6504CAA528CA2A6100ECD848 /* Assets.xcassets in Resources */ = {isa = PBXBuildFile; fileRef = 6504CAA428CA2A6100ECD848 /* Assets.xcassets */; };
		6504CAA828CA2A6100ECD848 /* LaunchScreen.storyboard in Resources */ = {isa = PBXBuildFile; fileRef = 6504CAA628CA2A6100ECD848 /* LaunchScreen.storyboard */; };
		6504CAB328CA2A6200ECD848 /* StringsAppTests.swift in Sources */ = {isa = PBXBuildFile; fileRef = 6504CAB228CA2A6200ECD848 /* StringsAppTests.swift */; };
		6504CABD28CA2A6200ECD848 /* StringsAppUITests.swift in Sources */ = {isa = PBXBuildFile; fileRef = 6504CABC28CA2A6200ECD848 /* StringsAppUITests.swift */; };
		6504CABF28CA2A6200ECD848 /* StringsAppUITestsLaunchTests.swift in Sources */ = {isa = PBXBuildFile; fileRef = 6504CABE28CA2A6200ECD848 /* StringsAppUITestsLaunchTests.swift */; };
/* End PBXBuildFile section */

/* Begin PBXContainerItemProxy section */
		6504CAAF28CA2A6200ECD848 /* PBXContainerItemProxy */ = {
			isa = PBXContainerItemProxy;
			containerPortal = 6504CA9028CA2A5D00ECD848 /* Project object */;
			proxyType = 1;
			remoteGlobalIDString = 6504CA9728CA2A5D00ECD848;
			remoteInfo = StringsApp;
		};
		6504CAB928CA2A6200ECD848 /* PBXContainerItemProxy */ = {
			isa = PBXContainerItemProxy;
			containerPortal = 6504CA9028CA2A5D00ECD848 /* Project object */;
			proxyType = 1;
			remoteGlobalIDString = 6504CA9728CA2A5D00ECD848;
			remoteInfo = StringsApp;
		};
/* End PBXContainerItemProxy section */

/* Begin PBXFileReference section */
		6504CA9828CA2A5D00ECD848 /* StringsApp.app */ = {isa = PBXFileReference; explicitFileType = wrapper.application; includeInIndex = 0; path = StringsApp.app; sourceTree = BUILT_PRODUCTS_DIR; };
		6504CA9B28CA2A5D00ECD848 /* AppDelegate.swift */ = {isa = PBXFileReference; lastKnownFileType = sourcecode.swift; path = AppDelegate.swift; sourceTree = "<group>"; };
		6504CA9D28CA2A5D00ECD848 /* SceneDelegate.swift */ = {isa = PBXFileReference; lastKnownFileType = sourcecode.swift; path = SceneDelegate.swift; sourceTree = "<group>"; };
		6504CA9F28CA2A5D00ECD848 /* ViewController.swift */ = {isa = PBXFileReference; lastKnownFileType = sourcecode.swift; path = ViewController.swift; sourceTree = "<group>"; };
		6504CAA228CA2A5D00ECD848 /* Base */ = {isa = PBXFileReference; lastKnownFileType = file.storyboard; name = Base; path = Base.lproj/Main.storyboard; sourceTree = "<group>"; };
		6504CAA428CA2A6100ECD848 /* Assets.xcassets */ = {isa = PBXFileReference; lastKnownFileType = folder.assetcatalog; path = Assets.xcassets; sourceTree = "<group>"; };
		6504CAA728CA2A6100ECD848 /* Base */ = {isa = PBXFileReference; lastKnownFileType = file.storyboard; name = Base; path = Base.lproj/LaunchScreen.storyboard; sourceTree = "<group>"; };
		6504CAA928CA2A6100ECD848 /* Info.plist */ = {isa = PBXFileReference; lastKnownFileType = text.plist.xml; path = Info.plist; sourceTree = "<group>"; };
		6504CAAE28CA2A6200ECD848 /* StringsAppTests.xctest */ = {isa = PBXFileReference; explicitFileType = wrapper.cfbundle; includeInIndex = 0; path = StringsAppTests.xctest; sourceTree = BUILT_PRODUCTS_DIR; };
		6504CAB228CA2A6200ECD848 /* StringsAppTests.swift */ = {isa = PBXFileReference; lastKnownFileType = sourcecode.swift; path = StringsAppTests.swift; sourceTree = "<group>"; };
		6504CAB828CA2A6200ECD848 /* StringsAppUITests.xctest */ = {isa = PBXFileReference; explicitFileType = wrapper.cfbundle; includeInIndex = 0; path = StringsAppUITests.xctest; sourceTree = BUILT_PRODUCTS_DIR; };
		6504CABC28CA2A6200ECD848 /* StringsAppUITests.swift */ = {isa = PBXFileReference; lastKnownFileType = sourcecode.swift; path = StringsAppUITests.swift; sourceTree = "<group>"; };
		6504CABE28CA2A6200ECD848 /* StringsAppUITestsLaunchTests.swift */ = {isa = PBXFileReference; lastKnownFileType = sourcecode.swift; path = StringsAppUITestsLaunchTests.swift; sourceTree = "<group>"; };
/* End PBXFileReference section */

/* Begin PBXFrameworksBuildPhase section */
		6504CA9528CA2A5D00ECD848 /* Frameworks */ = {
			isa = PBXFrameworksBuildPhase;
			buildActionMask = 2147483647;
			files = (
			);
			runOnlyForDeploymentPostprocessing = 0;
		};
		6504CAAB28CA2A6200ECD848 /* Frameworks */ = {
			isa = PBXFrameworksBuildPhase;
			buildActionMask = 2147483647;
			files = (
			);
			runOnlyForDeploymentPostprocessing = 0;
		};
		6504CAB528CA2A6200ECD848 /* Frameworks */ = {
			isa = PBXFrameworksBuildPhase;
			buildActionMask = 2147483647;
			files = (
			);
			runOnlyForDeploymentPostprocessing = 0;
		};
/* End PBXFrameworksBuildPhase section */

/* Begin PBXGroup section */
		6504CA8F28CA2A5D00ECD848 = {
			isa = PBXGroup;
			children = (
				6504CA9A28CA2A5D00ECD848 /* StringsApp */,
				6504CAB128CA2A6200ECD848 /* StringsAppTests */,
				6504CABB28CA2A6200ECD848 /* StringsAppUITests */,
				6504CA9928CA2A5D00ECD848 /* Products */,
			);
			sourceTree = "<group>";
		};
		6504CA9928CA2A5D00ECD848 /* Products */ = {
			isa = PBXGroup;
			children = (
				6504CA9828CA2A5D00ECD848 /* StringsApp.app */,
				6504CAAE28CA2A6200ECD848 /* StringsAppTests.xctest */,
				6504CAB828CA2A6200ECD848 /* StringsAppUITests.xctest */,
			);
			name = Products;
			sourceTree = "<group>";
		};
		6504CA9A28CA2A5D00ECD848 /* StringsApp */ = {
			isa = PBXGroup;
			children = (
				6504CA9B28CA2A5D00ECD848 /* AppDelegate.swift */,
				6504CA9D28CA2A5D00ECD848 /* SceneDelegate.swift */,
				6504CA9F28CA2A5D00ECD848 /* ViewController.swift */,
				6504CAA128CA2A5D00ECD848 /* Main.storyboard */,
				6504CAA428CA2A6100ECD848 /* Assets.xcassets */,
				6504CAA628CA2A6100ECD848 /* LaunchScreen.storyboard */,
				6504CAA928CA2A6100ECD848 /* Info.plist */,
			);
			path = StringsApp;
			sourceTree = "<group>";
		};
		6504CAB128CA2A6200ECD848 /* StringsAppTests */ = {
			isa = PBXGroup;
			children = (
				6504CAB228CA2A6200ECD848 /* StringsAppTests.swift */,
			);
			path = StringsAppTests;
			sourceTree = "<group>";
		};
		6504CABB28CA2A6200ECD848 /* StringsAppUITests */ = {
			isa = PBXGroup;
			children = (
				6504CABC28CA2A6200ECD848 /* StringsAppUITests.swift */,
				6504CABE28CA2A6200ECD848 /* StringsAppUITestsLaunchTests.swift */,
			);
			path = StringsAppUITests;
			sourceTree = "<group>";
		};
/* End PBXGroup section */

/* Begin PBXNativeTarget section */
		6504CA9728CA2A5D00ECD848 /* StringsApp */ = {
			isa = PBXNativeTarget;
			buildConfigurationList = 6504CAC228CA2A6200ECD848 /* Build configuration list for PBXNativeTarget "StringsApp" */;
			buildPhases = (
				6504CA9428CA2A5D00ECD848 /* Sources */,
				6504CA9528CA2A5D00ECD848 /* Frameworks */,
				6504CA9628CA2A5D00ECD848 /* Resources */,
			);
			buildRules = (
			);
			dependencies = (
			);
			name = StringsApp;
			productName = StringsApp;
			productReference = 6504CA9828CA2A5D00ECD848 /* StringsApp.app */;
			productType = "com.apple.product-type.application";
		};
		6504CAAD28CA2A6200ECD848 /* StringsAppTests */ = {
			isa = PBXNativeTarget;
			buildConfigurationList = 6504CAC528CA2A6200ECD848 /* Build configuration list for PBXNativeTarget "StringsAppTests" */;
			buildPhases = (
				6504CAAA28CA2A6200ECD848 /* Sources */,
				6504CAAB28CA2A6200ECD848 /* Frameworks */,
				6504CAAC28CA2A6200ECD848 /* Resources */,
			);
			buildRules = (
			);
			dependencies = (
				6504CAB028CA2A6200ECD848 /* PBXTargetDependency */,
			);
			name = StringsAppTests;
			productName = StringsAppTests;
			productReference = 6504CAAE28CA2A6200ECD848 /* StringsAppTests.xctest */;
			productType = "com.apple.product-type.bundle.unit-test";
		};
		6504CAB728CA2A6200ECD848 /* StringsAppUITests */ = {
			isa = PBXNativeTarget;
			buildConfigurationList = 6504CAC828CA2A6200ECD848 /* Build configuration list for PBXNativeTarget "StringsAppUITests" */;
			buildPhases = (
				6504CAB428CA2A6200ECD848 /* Sources */,
				6504CAB528CA2A6200ECD848 /* Frameworks */,
				6504CAB628CA2A6200ECD848 /* Resources */,
			);
			buildRules = (
			);
			dependencies = (
				6504CABA28CA2A6200ECD848 /* PBXTargetDependency */,
			);
			name = StringsAppUITests;
			productName = StringsAppUITests;
			productReference = 6504CAB828CA2A6200ECD848 /* StringsAppUITests.xctest */;
			productType = "com.apple.product-type.bundle.ui-testing";
		};
/* End PBXNativeTarget section */

/* Begin PBXProject section */
		6504CA9028CA2A5D00ECD848 /* Project object */ = {
			isa = PBXProject;
			attributes = {
				BuildIndependentTargetsInParallel = 1;
				LastSwiftUpdateCheck = 1340;
				LastUpgradeCheck = 1340;
				TargetAttributes = {
					6504CA9728CA2A5D00ECD848 = {
						CreatedOnToolsVersion = 13.4.1;
					};
					6504CAAD28CA2A6200ECD848 = {
						CreatedOnToolsVersion = 13.4.1;
						TestTargetID = 6504CA9728CA2A5D00ECD848;
					};
					6504CAB728CA2A6200ECD848 = {
						CreatedOnToolsVersion = 13.4.1;
						TestTargetID = 6504CA9728CA2A5D00ECD848;
					};
				};
			};
			buildConfigurationList = 6504CA9328CA2A5D00ECD848 /* Build configuration list for PBXProject "StringsApp" */;
			compatibilityVersion = "Xcode 13.0";
			developmentRegion = en;
			hasScannedForEncodings = 0;
			knownRegions = (
				en,
				Base,
			);
			mainGroup = 6504CA8F28CA2A5D00ECD848;
			productRefGroup = 6504CA9928CA2A5D00ECD848 /* Products */;
			projectDirPath = "";
			projectRoot = "";
			targets = (
				6504CA9728CA2A5D00ECD848 /* StringsApp */,
				6504CAAD28CA2A6200ECD848 /* StringsAppTests */,
				6504CAB728CA2A6200ECD848 /* StringsAppUITests */,
			);
		};
/* End PBXProject section */

/* Begin PBXResourcesBuildPhase section */
		6504CA9628CA2A5D00ECD848 /* Resources */ = {
			isa = PBXResourcesBuildPhase;
			buildActionMask = 2147483647;
			files = (
				6504CAA828CA2A6100ECD848 /* LaunchScreen.storyboard in Resources */,
				6504CAA528CA2A6100ECD848 /* Assets.xcassets in Resources */,
				6504CAA328CA2A5D00ECD848 /* Main.storyboard in Resources */,
			);
			runOnlyForDeploymentPostprocessing = 0;
		};
		6504CAAC28CA2A6200ECD848 /* Resources */ = {
			isa = PBXResourcesBuildPhase;
			buildActionMask = 2147483647;
			files = (
			);
			runOnlyForDeploymentPostprocessing = 0;
		};
		6504CAB628CA2A6200ECD848 /* Resources */ = {
			isa = PBXResourcesBuildPhase;
			buildActionMask = 2147483647;
			files = (
			);
			runOnlyForDeploymentPostprocessing = 0;
		};
/* End PBXResourcesBuildPhase section */

/* Begin PBXSourcesBuildPhase section */
		6504CA9428CA2A5D00ECD848 /* Sources */ = {
			isa = PBXSourcesBuildPhase;
			buildActionMask = 2147483647;
			files = (
				6504CAA028CA2A5D00ECD848 /* ViewController.swift in Sources */,
				6504CA9C28CA2A5D00ECD848 /* AppDelegate.swift in Sources */,
				6504CA9E28CA2A5D00ECD848 /* SceneDelegate.swift in Sources */,
			);
			runOnlyForDeploymentPostprocessing = 0;
		};
		6504CAAA28CA2A6200ECD848 /* Sources */ = {
			isa = PBXSourcesBuildPhase;
			buildActionMask = 2147483647;
			files = (
				6504CAB328CA2A6200ECD848 /* StringsAppTests.swift in Sources */,
			);
			runOnlyForDeploymentPostprocessing = 0;
		};
		6504CAB428CA2A6200ECD848 /* Sources */ = {
			isa = PBXSourcesBuildPhase;
			buildActionMask = 2147483647;
			files = (
				6504CABD28CA2A6200ECD848 /* StringsAppUITests.swift in Sources */,
				6504CABF28CA2A6200ECD848 /* StringsAppUITestsLaunchTests.swift in Sources */,
			);
			runOnlyForDeploymentPostprocessing = 0;
		};
/* End PBXSourcesBuildPhase section */

/* Begin PBXTargetDependency section */
		6504CAB028CA2A6200ECD848 /* PBXTargetDependency */ = {
			isa = PBXTargetDependency;
			target = 6504CA9728CA2A5D00ECD848 /* StringsApp */;
			targetProxy = 6504CAAF28CA2A6200ECD848 /* PBXContainerItemProxy */;
		};
		6504CABA28CA2A6200ECD848 /* PBXTargetDependency */ = {
			isa = PBXTargetDependency;
			target = 6504CA9728CA2A5D00ECD848 /* StringsApp */;
			targetProxy = 6504CAB928CA2A6200ECD848 /* PBXContainerItemProxy */;
		};
/* End PBXTargetDependency section */

/* Begin PBXVariantGroup section */
		6504CAA128CA2A5D00ECD848 /* Main.storyboard */ = {
			isa = PBXVariantGroup;
			children = (
				6504CAA228CA2A5D00ECD848 /* Base */,
			);
			name = Main.storyboard;
			sourceTree = "<group>";
		};
		6504CAA628CA2A6100ECD848 /* LaunchScreen.storyboard */ = {
			isa = PBXVariantGroup;
			children = (
				6504CAA728CA2A6100ECD848 /* Base */,
			);
			name = LaunchScreen.storyboard;
			sourceTree = "<group>";
		};
/* End PBXVariantGroup section */

/* Begin XCBuildConfiguration section */
		6504CAC028CA2A6200ECD848 /* Debug */ = {
			isa = XCBuildConfiguration;
			buildSettings = {
				ALWAYS_SEARCH_USER_PATHS = NO;
				CLANG_ANALYZER_NONNULL = YES;
				CLANG_ANALYZER_NUMBER_OBJECT_CONVERSION = YES_AGGRESSIVE;
				CLANG_CXX_LANGUAGE_STANDARD = "gnu++17";
				CLANG_ENABLE_MODULES = YES;
				CLANG_ENABLE_OBJC_ARC = YES;
				CLANG_ENABLE_OBJC_WEAK = YES;
				CLANG_WARN_BLOCK_CAPTURE_AUTORELEASING = YES;
				CLANG_WARN_BOOL_CONVERSION = YES;
				CLANG_WARN_COMMA = YES;
				CLANG_WARN_CONSTANT_CONVERSION = YES;
				CLANG_WARN_DEPRECATED_OBJC_IMPLEMENTATIONS = YES;
				CLANG_WARN_DIRECT_OBJC_ISA_USAGE = YES_ERROR;
				CLANG_WARN_DOCUMENTATION_COMMENTS = YES;
				CLANG_WARN_EMPTY_BODY = YES;
				CLANG_WARN_ENUM_CONVERSION = YES;
				CLANG_WARN_INFINITE_RECURSION = YES;
				CLANG_WARN_INT_CONVERSION = YES;
				CLANG_WARN_NON_LITERAL_NULL_CONVERSION = YES;
				CLANG_WARN_OBJC_IMPLICIT_RETAIN_SELF = YES;
				CLANG_WARN_OBJC_LITERAL_CONVERSION = YES;
				CLANG_WARN_OBJC_ROOT_CLASS = YES_ERROR;
				CLANG_WARN_QUOTED_INCLUDE_IN_FRAMEWORK_HEADER = YES;
				CLANG_WARN_RANGE_LOOP_ANALYSIS = YES;
				CLANG_WARN_STRICT_PROTOTYPES = YES;
				CLANG_WARN_SUSPICIOUS_MOVE = YES;
				CLANG_WARN_UNGUARDED_AVAILABILITY = YES_AGGRESSIVE;
				CLANG_WARN_UNREACHABLE_CODE = YES;
				CLANG_WARN__DUPLICATE_METHOD_MATCH = YES;
				COPY_PHASE_STRIP = NO;
				DEBUG_INFORMATION_FORMAT = dwarf;
				ENABLE_STRICT_OBJC_MSGSEND = YES;
				ENABLE_TESTABILITY = YES;
				GCC_C_LANGUAGE_STANDARD = gnu11;
				GCC_DYNAMIC_NO_PIC = NO;
				GCC_NO_COMMON_BLOCKS = YES;
				GCC_OPTIMIZATION_LEVEL = 0;
				GCC_PREPROCESSOR_DEFINITIONS = (
					"DEBUG=1",
					"$(inherited)",
				);
				GCC_WARN_64_TO_32_BIT_CONVERSION = YES;
				GCC_WARN_ABOUT_RETURN_TYPE = YES_ERROR;
				GCC_WARN_UNDECLARED_SELECTOR = YES;
				GCC_WARN_UNINITIALIZED_AUTOS = YES_AGGRESSIVE;
				GCC_WARN_UNUSED_FUNCTION = YES;
				GCC_WARN_UNUSED_VARIABLE = YES;
				IPHONEOS_DEPLOYMENT_TARGET = 15.5;
				MTL_ENABLE_DEBUG_INFO = INCLUDE_SOURCE;
				MTL_FAST_MATH = YES;
				ONLY_ACTIVE_ARCH = YES;
				SDKROOT = iphoneos;
				SWIFT_ACTIVE_COMPILATION_CONDITIONS = DEBUG;
				SWIFT_OPTIMIZATION_LEVEL = "-Onone";
			};
			name = Debug;
		};
		6504CAC128CA2A6200ECD848 /* Release */ = {
			isa = XCBuildConfiguration;
			buildSettings = {
				ALWAYS_SEARCH_USER_PATHS = NO;
				CLANG_ANALYZER_NONNULL = YES;
				CLANG_ANALYZER_NUMBER_OBJECT_CONVERSION = YES_AGGRESSIVE;
				CLANG_CXX_LANGUAGE_STANDARD = "gnu++17";
				CLANG_ENABLE_MODULES = YES;
				CLANG_ENABLE_OBJC_ARC = YES;
				CLANG_ENABLE_OBJC_WEAK = YES;
				CLANG_WARN_BLOCK_CAPTURE_AUTORELEASING = YES;
				CLANG_WARN_BOOL_CONVERSION = YES;
				CLANG_WARN_COMMA = YES;
				CLANG_WARN_CONSTANT_CONVERSION = YES;
				CLANG_WARN_DEPRECATED_OBJC_IMPLEMENTATIONS = YES;
				CLANG_WARN_DIRECT_OBJC_ISA_USAGE = YES_ERROR;
				CLANG_WARN_DOCUMENTATION_COMMENTS = YES;
				CLANG_WARN_EMPTY_BODY = YES;
				CLANG_WARN_ENUM_CONVERSION = YES;
				CLANG_WARN_INFINITE_RECURSION = YES;
				CLANG_WARN_INT_CONVERSION = YES;
				CLANG_WARN_NON_LITERAL_NULL_CONVERSION = YES;
				CLANG_WARN_OBJC_IMPLICIT_RETAIN_SELF = YES;
				CLANG_WARN_OBJC_LITERAL_CONVERSION = YES;
				CLANG_WARN_OBJC_ROOT_CLASS = YES_ERROR;
				CLANG_WARN_QUOTED_INCLUDE_IN_FRAMEWORK_HEADER = YES;
				CLANG_WARN_RANGE_LOOP_ANALYSIS = YES;
				CLANG_WARN_STRICT_PROTOTYPES = YES;
				CLANG_WARN_SUSPICIOUS_MOVE = YES;
				CLANG_WARN_UNGUARDED_AVAILABILITY = YES_AGGRESSIVE;
				CLANG_WARN_UNREACHABLE_CODE = YES;
				CLANG_WARN__DUPLICATE_METHOD_MATCH = YES;
				COPY_PHASE_STRIP = NO;
				DEBUG_INFORMATION_FORMAT = "dwarf-with-dsym";
				ENABLE_NS_ASSERTIONS = NO;
				ENABLE_STRICT_OBJC_MSGSEND = YES;
				GCC_C_LANGUAGE_STANDARD = gnu11;
				GCC_NO_COMMON_BLOCKS = YES;
				GCC_WARN_64_TO_32_BIT_CONVERSION = YES;
				GCC_WARN_ABOUT_RETURN_TYPE = YES_ERROR;
				GCC_WARN_UNDECLARED_SELECTOR = YES;
				GCC_WARN_UNINITIALIZED_AUTOS = YES_AGGRESSIVE;
				GCC_WARN_UNUSED_FUNCTION = YES;
				GCC_WARN_UNUSED_VARIABLE = YES;
				IPHONEOS_DEPLOYMENT_TARGET = 15.5;
				MTL_ENABLE_DEBUG_INFO = NO;
				MTL_FAST_MATH = YES;
				SDKROOT = iphoneos;
				SWIFT_COMPILATION_MODE = wholemodule;
				SWIFT_OPTIMIZATION_LEVEL = "-O";
				VALIDATE_PRODUCT = YES;
			};
			name = Release;
		};
		6504CAC328CA2A6200ECD848 /* Debug */ = {
			isa = XCBuildConfiguration;
			buildSettings = {
				ASSETCATALOG_COMPILER_APPICON_NAME = AppIcon;
				ASSETCATALOG_COMPILER_GLOBAL_ACCENT_COLOR_NAME = AccentColor;
				CODE_SIGN_STYLE = Automatic;
				CURRENT_PROJECT_VERSION = 1;
				GENERATE_INFOPLIST_FILE = YES;
				INFOPLIST_FILE = StringsApp/Info.plist;
				INFOPLIST_KEY_UIApplicationSupportsIndirectInputEvents = YES;
				INFOPLIST_KEY_UILaunchStoryboardName = LaunchScreen;
				INFOPLIST_KEY_UIMainStoryboardFile = Main;
				INFOPLIST_KEY_UISupportedInterfaceOrientations_iPad = "UIInterfaceOrientationPortrait UIInterfaceOrientationPortraitUpsideDown UIInterfaceOrientationLandscapeLeft UIInterfaceOrientationLandscapeRight";
				INFOPLIST_KEY_UISupportedInterfaceOrientations_iPhone = "UIInterfaceOrientationPortrait UIInterfaceOrientationLandscapeLeft UIInterfaceOrientationLandscapeRight";
				LD_RUNPATH_SEARCH_PATHS = (
					"$(inherited)",
					"@executable_path/Frameworks",
				);
				MARKETING_VERSION = 1.0;
				PRODUCT_BUNDLE_IDENTIFIER = nwmissouri.edu.StringsApp;
				PRODUCT_NAME = "$(TARGET_NAME)";
				SWIFT_EMIT_LOC_STRINGS = YES;
				SWIFT_VERSION = 5.0;
				TARGETED_DEVICE_FAMILY = "1,2";
			};
			name = Debug;
		};
		6504CAC428CA2A6200ECD848 /* Release */ = {
			isa = XCBuildConfiguration;
			buildSettings = {
				ASSETCATALOG_COMPILER_APPICON_NAME = AppIcon;
				ASSETCATALOG_COMPILER_GLOBAL_ACCENT_COLOR_NAME = AccentColor;
				CODE_SIGN_STYLE = Automatic;
				CURRENT_PROJECT_VERSION = 1;
				GENERATE_INFOPLIST_FILE = YES;
				INFOPLIST_FILE = StringsApp/Info.plist;
				INFOPLIST_KEY_UIApplicationSupportsIndirectInputEvents = YES;
				INFOPLIST_KEY_UILaunchStoryboardName = LaunchScreen;
				INFOPLIST_KEY_UIMainStoryboardFile = Main;
				INFOPLIST_KEY_UISupportedInterfaceOrientations_iPad = "UIInterfaceOrientationPortrait UIInterfaceOrientationPortraitUpsideDown UIInterfaceOrientationLandscapeLeft UIInterfaceOrientationLandscapeRight";
				INFOPLIST_KEY_UISupportedInterfaceOrientations_iPhone = "UIInterfaceOrientationPortrait UIInterfaceOrientationLandscapeLeft UIInterfaceOrientationLandscapeRight";
				LD_RUNPATH_SEARCH_PATHS = (
					"$(inherited)",
					"@executable_path/Frameworks",
				);
				MARKETING_VERSION = 1.0;
				PRODUCT_BUNDLE_IDENTIFIER = nwmissouri.edu.StringsApp;
				PRODUCT_NAME = "$(TARGET_NAME)";
				SWIFT_EMIT_LOC_STRINGS = YES;
				SWIFT_VERSION = 5.0;
				TARGETED_DEVICE_FAMILY = "1,2";
			};
			name = Release;
		};
		6504CAC628CA2A6200ECD848 /* Debug */ = {
			isa = XCBuildConfiguration;
			buildSettings = {
				ALWAYS_EMBED_SWIFT_STANDARD_LIBRARIES = YES;
				BUNDLE_LOADER = "$(TEST_HOST)";
				CODE_SIGN_STYLE = Automatic;
				CURRENT_PROJECT_VERSION = 1;
				GENERATE_INFOPLIST_FILE = YES;
				IPHONEOS_DEPLOYMENT_TARGET = 15.5;
				MARKETING_VERSION = 1.0;
				PRODUCT_BUNDLE_IDENTIFIER = nwmissouri.edu.StringsAppTests;
				PRODUCT_NAME = "$(TARGET_NAME)";
				SWIFT_EMIT_LOC_STRINGS = NO;
				SWIFT_VERSION = 5.0;
				TARGETED_DEVICE_FAMILY = "1,2";
				TEST_HOST = "$(BUILT_PRODUCTS_DIR)/StringsApp.app/StringsApp";
			};
			name = Debug;
		};
		6504CAC728CA2A6200ECD848 /* Release */ = {
			isa = XCBuildConfiguration;
			buildSettings = {
				ALWAYS_EMBED_SWIFT_STANDARD_LIBRARIES = YES;
				BUNDLE_LOADER = "$(TEST_HOST)";
				CODE_SIGN_STYLE = Automatic;
				CURRENT_PROJECT_VERSION = 1;
				GENERATE_INFOPLIST_FILE = YES;
				IPHONEOS_DEPLOYMENT_TARGET = 15.5;
				MARKETING_VERSION = 1.0;
				PRODUCT_BUNDLE_IDENTIFIER = nwmissouri.edu.StringsAppTests;
				PRODUCT_NAME = "$(TARGET_NAME)";
				SWIFT_EMIT_LOC_STRINGS = NO;
				SWIFT_VERSION = 5.0;
				TARGETED_DEVICE_FAMILY = "1,2";
				TEST_HOST = "$(BUILT_PRODUCTS_DIR)/StringsApp.app/StringsApp";
			};
			name = Release;
		};
		6504CAC928CA2A6200ECD848 /* Debug */ = {
			isa = XCBuildConfiguration;
			buildSettings = {
				ALWAYS_EMBED_SWIFT_STANDARD_LIBRARIES = YES;
				CODE_SIGN_STYLE = Automatic;
				CURRENT_PROJECT_VERSION = 1;
				GENERATE_INFOPLIST_FILE = YES;
				MARKETING_VERSION = 1.0;
				PRODUCT_BUNDLE_IDENTIFIER = nwmissouri.edu.StringsAppUITests;
				PRODUCT_NAME = "$(TARGET_NAME)";
				SWIFT_EMIT_LOC_STRINGS = NO;
				SWIFT_VERSION = 5.0;
				TARGETED_DEVICE_FAMILY = "1,2";
				TEST_TARGET_NAME = StringsApp;
			};
			name = Debug;
		};
		6504CACA28CA2A6200ECD848 /* Release */ = {
			isa = XCBuildConfiguration;
			buildSettings = {
				ALWAYS_EMBED_SWIFT_STANDARD_LIBRARIES = YES;
				CODE_SIGN_STYLE = Automatic;
				CURRENT_PROJECT_VERSION = 1;
				GENERATE_INFOPLIST_FILE = YES;
				MARKETING_VERSION = 1.0;
				PRODUCT_BUNDLE_IDENTIFIER = nwmissouri.edu.StringsAppUITests;
				PRODUCT_NAME = "$(TARGET_NAME)";
				SWIFT_EMIT_LOC_STRINGS = NO;
				SWIFT_VERSION = 5.0;
				TARGETED_DEVICE_FAMILY = "1,2";
				TEST_TARGET_NAME = StringsApp;
			};
			name = Release;
		};
/* End XCBuildConfiguration section */

/* Begin XCConfigurationList section */
		6504CA9328CA2A5D00ECD848 /* Build configuration list for PBXProject "StringsApp" */ = {
			isa = XCConfigurationList;
			buildConfigurations = (
				6504CAC028CA2A6200ECD848 /* Debug */,
				6504CAC128CA2A6200ECD848 /* Release */,
			);
			defaultConfigurationIsVisible = 0;
			defaultConfigurationName = Release;
		};
		6504CAC228CA2A6200ECD848 /* Build configuration list for PBXNativeTarget "StringsApp" */ = {
			isa = XCConfigurationList;
			buildConfigurations = (
				6504CAC328CA2A6200ECD848 /* Debug */,
				6504CAC428CA2A6200ECD848 /* Release */,
			);
			defaultConfigurationIsVisible = 0;
			defaultConfigurationName = Release;
		};
		6504CAC528CA2A6200ECD848 /* Build configuration list for PBXNativeTarget "StringsAppTests" */ = {
			isa = XCConfigurationList;
			buildConfigurations = (
				6504CAC628CA2A6200ECD848 /* Debug */,
				6504CAC728CA2A6200ECD848 /* Release */,
			);
			defaultConfigurationIsVisible = 0;
			defaultConfigurationName = Release;
		};
		6504CAC828CA2A6200ECD848 /* Build configuration list for PBXNativeTarget "StringsAppUITests" */ = {
			isa = XCConfigurationList;
			buildConfigurations = (
				6504CAC928CA2A6200ECD848 /* Debug */,
				6504CACA28CA2A6200ECD848 /* Release */,
			);
			defaultConfigurationIsVisible = 0;
			defaultConfigurationName = Release;
		};
/* End XCConfigurationList section */
	};
	rootObject = 6504CA9028CA2A5D00ECD848 /* Project object */;
}
